// !$*UTF8*$!
{
	archiveVersion = 1;
	classes = {
	};
	objectVersion = 46;
	objects = {

/* Begin PBXBuildFile section */
		0495CF4F1A430504001A287D /* Foundation.framework in Frameworks */ = {isa = PBXBuildFile; fileRef = 0495CF4E1A430504001A287D /* Foundation.framework */; };
		0495CF511A430504001A287D /* CoreGraphics.framework in Frameworks */ = {isa = PBXBuildFile; fileRef = 0495CF501A430504001A287D /* CoreGraphics.framework */; };
		0495CF531A430504001A287D /* UIKit.framework in Frameworks */ = {isa = PBXBuildFile; fileRef = 0495CF521A430504001A287D /* UIKit.framework */; };
		0495CF591A430504001A287D /* InfoPlist.strings in Resources */ = {isa = PBXBuildFile; fileRef = 0495CF571A430504001A287D /* InfoPlist.strings */; };
		0495CF5B1A430504001A287D /* main.m in Sources */ = {isa = PBXBuildFile; fileRef = 0495CF5A1A430504001A287D /* main.m */; };
		0495CF5F1A430504001A287D /* ABEAppDelegate.m in Sources */ = {isa = PBXBuildFile; fileRef = 0495CF5E1A430504001A287D /* ABEAppDelegate.m */; };
		0495CF621A430504001A287D /* Main.storyboard in Resources */ = {isa = PBXBuildFile; fileRef = 0495CF601A430504001A287D /* Main.storyboard */; };
		0495CF651A430504001A287D /* ABEViewController.m in Sources */ = {isa = PBXBuildFile; fileRef = 0495CF641A430504001A287D /* ABEViewController.m */; };
		0495CF671A430504001A287D /* Images.xcassets in Resources */ = {isa = PBXBuildFile; fileRef = 0495CF661A430504001A287D /* Images.xcassets */; };
		0495CF6E1A430504001A287D /* XCTest.framework in Frameworks */ = {isa = PBXBuildFile; fileRef = 0495CF6D1A430504001A287D /* XCTest.framework */; };
		0495CF6F1A430504001A287D /* Foundation.framework in Frameworks */ = {isa = PBXBuildFile; fileRef = 0495CF4E1A430504001A287D /* Foundation.framework */; };
		0495CF701A430504001A287D /* UIKit.framework in Frameworks */ = {isa = PBXBuildFile; fileRef = 0495CF521A430504001A287D /* UIKit.framework */; };
/* End PBXBuildFile section */

/* Begin PBXContainerItemProxy section */
		0495CF711A430504001A287D /* PBXContainerItemProxy */ = {
			isa = PBXContainerItemProxy;
			containerPortal = 0495CF431A430504001A287D /* Project object */;
			proxyType = 1;
			remoteGlobalIDString = 0495CF4A1A430504001A287D;
			remoteInfo = ABCalc;
		};
/* End PBXContainerItemProxy section */

/* Begin PBXFileReference section */
		0495CF4B1A430504001A287D /* ABCalc.app */ = {isa = PBXFileReference; explicitFileType = wrapper.application; includeInIndex = 0; path = ABCalc.app; sourceTree = BUILT_PRODUCTS_DIR; };
		0495CF4E1A430504001A287D /* Foundation.framework */ = {isa = PBXFileReference; lastKnownFileType = wrapper.framework; name = Foundation.framework; path = System/Library/Frameworks/Foundation.framework; sourceTree = SDKROOT; };
		0495CF501A430504001A287D /* CoreGraphics.framework */ = {isa = PBXFileReference; lastKnownFileType = wrapper.framework; name = CoreGraphics.framework; path = System/Library/Frameworks/CoreGraphics.framework; sourceTree = SDKROOT; };
		0495CF521A430504001A287D /* UIKit.framework */ = {isa = PBXFileReference; lastKnownFileType = wrapper.framework; name = UIKit.framework; path = System/Library/Frameworks/UIKit.framework; sourceTree = SDKROOT; };
		0495CF561A430504001A287D /* ABCalc-Info.plist */ = {isa = PBXFileReference; lastKnownFileType = text.plist.xml; path = "ABCalc-Info.plist"; sourceTree = "<group>"; };
		0495CF581A430504001A287D /* en */ = {isa = PBXFileReference; lastKnownFileType = text.plist.strings; name = en; path = en.lproj/InfoPlist.strings; sourceTree = "<group>"; };
		0495CF5A1A430504001A287D /* main.m */ = {isa = PBXFileReference; lastKnownFileType = sourcecode.c.objc; path = main.m; sourceTree = "<group>"; };
		0495CF5C1A430504001A287D /* ABCalc-Prefix.pch */ = {isa = PBXFileReference; lastKnownFileType = sourcecode.c.h; path = "ABCalc-Prefix.pch"; sourceTree = "<group>"; };
		0495CF5D1A430504001A287D /* ABEAppDelegate.h */ = {isa = PBXFileReference; lastKnownFileType = sourcecode.c.h; path = ABEAppDelegate.h; sourceTree = "<group>"; };
		0495CF5E1A430504001A287D /* ABEAppDelegate.m */ = {isa = PBXFileReference; lastKnownFileType = sourcecode.c.objc; path = ABEAppDelegate.m; sourceTree = "<group>"; };
		0495CF611A430504001A287D /* Base */ = {isa = PBXFileReference; lastKnownFileType = file.storyboard; name = Base; path = Base.lproj/Main.storyboard; sourceTree = "<group>"; };
		0495CF631A430504001A287D /* ABEViewController.h */ = {isa = PBXFileReference; lastKnownFileType = sourcecode.c.h; path = ABEViewController.h; sourceTree = "<group>"; };
		0495CF641A430504001A287D /* ABEViewController.m */ = {isa = PBXFileReference; lastKnownFileType = sourcecode.c.objc; path = ABEViewController.m; sourceTree = "<group>"; };
		0495CF661A430504001A287D /* Images.xcassets */ = {isa = PBXFileReference; lastKnownFileType = folder.assetcatalog; path = Images.xcassets; sourceTree = "<group>"; };
		0495CF6C1A430504001A287D /* ABCalcTests.xctest */ = {isa = PBXFileReference; explicitFileType = wrapper.cfbundle; includeInIndex = 0; path = ABCalcTests.xctest; sourceTree = BUILT_PRODUCTS_DIR; };
		0495CF6D1A430504001A287D /* XCTest.framework */ = {isa = PBXFileReference; lastKnownFileType = wrapper.framework; name = XCTest.framework; path = Library/Frameworks/XCTest.framework; sourceTree = DEVELOPER_DIR; };
/* End PBXFileReference section */

/* Begin PBXFrameworksBuildPhase section */
		0495CF481A430504001A287D /* Frameworks */ = {
			isa = PBXFrameworksBuildPhase;
			buildActionMask = 2147483647;
			files = (
				0495CF511A430504001A287D /* CoreGraphics.framework in Frameworks */,
				0495CF531A430504001A287D /* UIKit.framework in Frameworks */,
				0495CF4F1A430504001A287D /* Foundation.framework in Frameworks */,
			);
			runOnlyForDeploymentPostprocessing = 0;
		};
		0495CF691A430504001A287D /* Frameworks */ = {
			isa = PBXFrameworksBuildPhase;
			buildActionMask = 2147483647;
			files = (
				0495CF6E1A430504001A287D /* XCTest.framework in Frameworks */,
				0495CF701A430504001A287D /* UIKit.framework in Frameworks */,
				0495CF6F1A430504001A287D /* Foundation.framework in Frameworks */,
			);
			runOnlyForDeploymentPostprocessing = 0;
		};
/* End PBXFrameworksBuildPhase section */

/* Begin PBXGroup section */
		0495CF421A430504001A287D = {
			isa = PBXGroup;
			children = (
				0495CF541A430504001A287D /* ABCalc */,
				0495CF4D1A430504001A287D /* Frameworks */,
				0495CF4C1A430504001A287D /* Products */,
			);
			sourceTree = "<group>";
		};
		0495CF4C1A430504001A287D /* Products */ = {
			isa = PBXGroup;
			children = (
				0495CF4B1A430504001A287D /* ABCalc.app */,
				0495CF6C1A430504001A287D /* ABCalcTests.xctest */,
			);
			name = Products;
			sourceTree = "<group>";
		};
		0495CF4D1A430504001A287D /* Frameworks */ = {
			isa = PBXGroup;
			children = (
				0495CF4E1A430504001A287D /* Foundation.framework */,
				0495CF501A430504001A287D /* CoreGraphics.framework */,
				0495CF521A430504001A287D /* UIKit.framework */,
				0495CF6D1A430504001A287D /* XCTest.framework */,
			);
			name = Frameworks;
			sourceTree = "<group>";
		};
		0495CF541A430504001A287D /* ABCalc */ = {
			isa = PBXGroup;
			children = (
				0495CF5D1A430504001A287D /* ABEAppDelegate.h */,
				0495CF5E1A430504001A287D /* ABEAppDelegate.m */,
				0495CF601A430504001A287D /* Main.storyboard */,
				0495CF631A430504001A287D /* ABEViewController.h */,
				0495CF641A430504001A287D /* ABEViewController.m */,
				0495CF661A430504001A287D /* Images.xcassets */,
				0495CF551A430504001A287D /* Supporting Files */,
			);
			path = ABCalc;
			sourceTree = "<group>";
		};
		0495CF551A430504001A287D /* Supporting Files */ = {
			isa = PBXGroup;
			children = (
				0495CF561A430504001A287D /* ABCalc-Info.plist */,
				0495CF571A430504001A287D /* InfoPlist.strings */,
				0495CF5A1A430504001A287D /* main.m */,
				0495CF5C1A430504001A287D /* ABCalc-Prefix.pch */,
			);
			name = "Supporting Files";
			sourceTree = "<group>";
		};
/* End PBXGroup section */

/* Begin PBXNativeTarget section */
		0495CF4A1A430504001A287D /* ABCalc */ = {
			isa = PBXNativeTarget;
			buildConfigurationList = 0495CF7D1A430504001A287D /* Build configuration list for PBXNativeTarget "ABCalc" */;
			buildPhases = (
				0495CF471A430504001A287D /* Sources */,
				0495CF481A430504001A287D /* Frameworks */,
				0495CF491A430504001A287D /* Resources */,
			);
			buildRules = (
			);
			dependencies = (
			);
			name = ABCalc;
			productName = ABCalc;
			productReference = 0495CF4B1A430504001A287D /* ABCalc.app */;
			productType = "com.apple.product-type.application";
		};
		0495CF6B1A430504001A287D /* ABCalcTests */ = {
			isa = PBXNativeTarget;
			buildConfigurationList = 0495CF801A430504001A287D /* Build configuration list for PBXNativeTarget "ABCalcTests" */;
			buildPhases = (
				0495CF681A430504001A287D /* Sources */,
				0495CF691A430504001A287D /* Frameworks */,
				0495CF6A1A430504001A287D /* Resources */,
			);
			buildRules = (
			);
			dependencies = (
				0495CF721A430504001A287D /* PBXTargetDependency */,
			);
			name = ABCalcTests;
			productName = ABCalcTests;
			productReference = 0495CF6C1A430504001A287D /* ABCalcTests.xctest */;
			productType = "com.apple.product-type.bundle.unit-test";
		};
/* End PBXNativeTarget section */

/* Begin PBXProject section */
		0495CF431A430504001A287D /* Project object */ = {
			isa = PBXProject;
			attributes = {
				CLASSPREFIX = ABE;
				LastUpgradeCheck = 0510;
				ORGANIZATIONNAME = ABEE;
				TargetAttributes = {
					0495CF6B1A430504001A287D = {
						TestTargetID = 0495CF4A1A430504001A287D;
					};
				};
			};
			buildConfigurationList = 0495CF461A430504001A287D /* Build configuration list for PBXProject "ABCalc" */;
			compatibilityVersion = "Xcode 3.2";
			developmentRegion = English;
			hasScannedForEncodings = 0;
			knownRegions = (
				en,
				Base,
			);
			mainGroup = 0495CF421A430504001A287D;
			productRefGroup = 0495CF4C1A430504001A287D /* Products */;
			projectDirPath = "";
			projectRoot = "";
			targets = (
				0495CF4A1A430504001A287D /* ABCalc */,
				0495CF6B1A430504001A287D /* ABCalcTests */,
			);
		};
/* End PBXProject section */

/* Begin PBXResourcesBuildPhase section */
		0495CF491A430504001A287D /* Resources */ = {
			isa = PBXResourcesBuildPhase;
			buildActionMask = 2147483647;
			files = (
				0495CF671A430504001A287D /* Images.xcassets in Resources */,
				0495CF591A430504001A287D /* InfoPlist.strings in Resources */,
				0495CF621A430504001A287D /* Main.storyboard in Resources */,
			);
			runOnlyForDeploymentPostprocessing = 0;
		};
		0495CF6A1A430504001A287D /* Resources */ = {
			isa = PBXResourcesBuildPhase;
			buildActionMask = 2147483647;
			files = (
			);
			runOnlyForDeploymentPostprocessing = 0;
		};
/* End PBXResourcesBuildPhase section */

/* Begin PBXSourcesBuildPhase section */
		0495CF471A430504001A287D /* Sources */ = {
			isa = PBXSourcesBuildPhase;
			buildActionMask = 2147483647;
			files = (
				0495CF5B1A430504001A287D /* main.m in Sources */,
				0495CF5F1A430504001A287D /* ABEAppDelegate.m in Sources */,
				0495CF651A430504001A287D /* ABEViewController.m in Sources */,
			);
			runOnlyForDeploymentPostprocessing = 0;
		};
		0495CF681A430504001A287D /* Sources */ = {
			isa = PBXSourcesBuildPhase;
			buildActionMask = 2147483647;
			files = (
			);
			runOnlyForDeploymentPostprocessing = 0;
		};
/* End PBXSourcesBuildPhase section */

/* Begin PBXTargetDependency section */
		0495CF721A430504001A287D /* PBXTargetDependency */ = {
			isa = PBXTargetDependency;
			target = 0495CF4A1A430504001A287D /* ABCalc */;
			targetProxy = 0495CF711A430504001A287D /* PBXContainerItemProxy */;
		};
/* End PBXTargetDependency section */

/* Begin PBXVariantGroup section */
		0495CF571A430504001A287D /* InfoPlist.strings */ = {
			isa = PBXVariantGroup;
			children = (
				0495CF581A430504001A287D /* en */,
			);
			name = InfoPlist.strings;
			sourceTree = "<group>";
		};
		0495CF601A430504001A287D /* Main.storyboard */ = {
			isa = PBXVariantGroup;
			children = (
				0495CF611A430504001A287D /* Base */,
			);
			name = Main.storyboard;
			sourceTree = "<group>";
		};
/* End PBXVariantGroup section */

/* Begin XCBuildConfiguration section */
		0495CF7B1A430504001A287D /* Debug */ = {
			isa = XCBuildConfiguration;
			buildSettings = {
				ALWAYS_SEARCH_USER_PATHS = NO;
				CLANG_CXX_LANGUAGE_STANDARD = "gnu++0x";
				CLANG_CXX_LIBRARY = "libc++";
				CLANG_ENABLE_MODULES = YES;
				CLANG_ENABLE_OBJC_ARC = YES;
				CLANG_WARN_BOOL_CONVERSION = YES;
				CLANG_WARN_CONSTANT_CONVERSION = YES;
				CLANG_WARN_DIRECT_OBJC_ISA_USAGE = YES_ERROR;
				CLANG_WARN_EMPTY_BODY = YES;
				CLANG_WARN_ENUM_CONVERSION = YES;
				CLANG_WARN_INT_CONVERSION = YES;
				CLANG_WARN_OBJC_ROOT_CLASS = YES_ERROR;
				CLANG_WARN__DUPLICATE_METHOD_MATCH = YES;
				"CODE_SIGN_IDENTITY[sdk=iphoneos*]" = "iPhone Developer";
				COPY_PHASE_STRIP = NO;
				GCC_C_LANGUAGE_STANDARD = gnu99;
				GCC_DYNAMIC_NO_PIC = NO;
				GCC_OPTIMIZATION_LEVEL = 0;
				GCC_PREPROCESSOR_DEFINITIONS = (
					"DEBUG=1",
					"$(inherited)",
				);
				GCC_SYMBOLS_PRIVATE_EXTERN = NO;
				GCC_WARN_64_TO_32_BIT_CONVERSION = YES;
				GCC_WARN_ABOUT_RETURN_TYPE = YES_ERROR;
				GCC_WARN_UNDECLARED_SELECTOR = YES;
				GCC_WARN_UNINITIALIZED_AUTOS = YES_AGGRESSIVE;
				GCC_WARN_UNUSED_FUNCTION = YES;
				GCC_WARN_UNUSED_VARIABLE = YES;
				IPHONEOS_DEPLOYMENT_TARGET = 7.1;
				ONLY_ACTIVE_ARCH = YES;
				SDKROOT = iphoneos;
			};
			name = Debug;
		};
		0495CF7C1A430504001A287D /* Release */ = {
			isa = XCBuildConfiguration;
			buildSettings = {
				ALWAYS_SEARCH_USER_PATHS = NO;
				CLANG_CXX_LANGUAGE_STANDARD = "gnu++0x";
				CLANG_CXX_LIBRARY = "libc++";
				CLANG_ENABLE_MODULES = YES;
				CLANG_ENABLE_OBJC_ARC = YES;
				CLANG_WARN_BOOL_CONVERSION = YES;
				CLANG_WARN_CONSTANT_CONVERSION = YES;
				CLANG_WARN_DIRECT_OBJC_ISA_USAGE = YES_ERROR;
				CLANG_WARN_EMPTY_BODY = YES;
				CLANG_WARN_ENUM_CONVERSION = YES;
				CLANG_WARN_INT_CONVERSION = YES;
				CLANG_WARN_OBJC_ROOT_CLASS = YES_ERROR;
				CLANG_WARN__DUPLICATE_METHOD_MATCH = YES;
				"CODE_SIGN_IDENTITY[sdk=iphoneos*]" = "iPhone Developer";
				COPY_PHASE_STRIP = YES;
				ENABLE_NS_ASSERTIONS = NO;
				GCC_C_LANGUAGE_STANDARD = gnu99;
				GCC_WARN_64_TO_32_BIT_CONVERSION = YES;
				GCC_WARN_ABOUT_RETURN_TYPE = YES_ERROR;
				GCC_WARN_UNDECLARED_SELECTOR = YES;
				GCC_WARN_UNINITIALIZED_AUTOS = YES_AGGRESSIVE;
				GCC_WARN_UNUSED_FUNCTION = YES;
				GCC_WARN_UNUSED_VARIABLE = YES;
				IPHONEOS_DEPLOYMENT_TARGET = 7.1;
				SDKROOT = iphoneos;
				VALIDATE_PRODUCT = YES;
			};
			name = Release;
		};
		0495CF7E1A430504001A287D /* Debug */ = {
			isa = XCBuildConfiguration;
			buildSettings = {
				ASSETCATALOG_COMPILER_APPICON_NAME = AppIcon;
				ASSETCATALOG_COMPILER_LAUNCHIMAGE_NAME = LaunchImage;
				"CODE_SIGN_IDENTITY[sdk=iphoneos*]" = "";
				GCC_PRECOMPILE_PREFIX_HEADER = YES;
				GCC_PREFIX_HEADER = "ABCalc/ABCalc-Prefix.pch";
				INFOPLIST_FILE = "ABCalc/ABCalc-Info.plist";
				PRODUCT_NAME = "$(TARGET_NAME)";
				WRAPPER_EXTENSION = app;
			};
			name = Debug;
		};
		0495CF7F1A430504001A287D /* Release */ = {
			isa = XCBuildConfiguration;
			buildSettings = {
				ASSETCATALOG_COMPILER_APPICON_NAME = AppIcon;
				ASSETCATALOG_COMPILER_LAUNCHIMAGE_NAME = LaunchImage;
				"CODE_SIGN_IDENTITY[sdk=iphoneos*]" = "";
				GCC_PRECOMPILE_PREFIX_HEADER = YES;
				GCC_PREFIX_HEADER = "ABCalc/ABCalc-Prefix.pch";
				INFOPLIST_FILE = "ABCalc/ABCalc-Info.plist";
				PRODUCT_NAME = "$(TARGET_NAME)";
				WRAPPER_EXTENSION = app;
			};
			name = Release;
		};
		0495CF811A430504001A287D /* Debug */ = {
			isa = XCBuildConfiguration;
			buildSettings = {
				BUNDLE_LOADER = "$(BUILT_PRODUCTS_DIR)/ABCalc.app/ABCalc";
				FRAMEWORK_SEARCH_PATHS = (
					"$(SDKROOT)/Developer/Library/Frameworks",
					"$(inherited)",
					"$(DEVELOPER_FRAMEWORKS_DIR)",
				);
				GCC_PRECOMPILE_PREFIX_HEADER = YES;
				GCC_PREFIX_HEADER = "ABCalc/ABCalc-Prefix.pch";
				GCC_PREPROCESSOR_DEFINITIONS = (
					"DEBUG=1",
					"$(inherited)",
				);
				INFOPLIST_FILE = "ABCalcTests/ABCalcTests-Info.plist";
				PRODUCT_NAME = "$(TARGET_NAME)";
				TEST_HOST = "$(BUNDLE_LOADER)";
				WRAPPER_EXTENSION = xctest;
			};
			name = Debug;
		};
		0495CF821A430504001A287D /* Release */ = {
			isa = XCBuildConfiguration;
			buildSettings = {
				BUNDLE_LOADER = "$(BUILT_PRODUCTS_DIR)/ABCalc.app/ABCalc";
				FRAMEWORK_SEARCH_PATHS = (
					"$(SDKROOT)/Developer/Library/Frameworks",
					"$(inherited)",
					"$(DEVELOPER_FRAMEWORKS_DIR)",
				);
				GCC_PRECOMPILE_PREFIX_HEADER = YES;
				GCC_PREFIX_HEADER = "ABCalc/ABCalc-Prefix.pch";
				INFOPLIST_FILE = "ABCalcTests/ABCalcTests-Info.plist";
				PRODUCT_NAME = "$(TARGET_NAME)";
				TEST_HOST = "$(BUNDLE_LOADER)";
				WRAPPER_EXTENSION = xctest;
			};
			name = Release;
		};
/* End XCBuildConfiguration section */

/* Begin XCConfigurationList section */
		0495CF461A430504001A287D /* Build configuration list for PBXProject "ABCalc" */ = {
			isa = XCConfigurationList;
			buildConfigurations = (
				0495CF7B1A430504001A287D /* Debug */,
				0495CF7C1A430504001A287D /* Release */,
			);
			defaultConfigurationIsVisible = 0;
			defaultConfigurationName = Release;
		};
		0495CF7D1A430504001A287D /* Build configuration list for PBXNativeTarget "ABCalc" */ = {
			isa = XCConfigurationList;
			buildConfigurations = (
				0495CF7E1A430504001A287D /* Debug */,
				0495CF7F1A430504001A287D /* Release */,
			);
			defaultConfigurationIsVisible = 0;
			defaultConfigurationName = Release;
		};
		0495CF801A430504001A287D /* Build configuration list for PBXNativeTarget "ABCalcTests" */ = {
			isa = XCConfigurationList;
			buildConfigurations = (
				0495CF811A430504001A287D /* Debug */,
				0495CF821A430504001A287D /* Release */,
			);
			defaultConfigurationIsVisible = 0;
			defaultConfigurationName = Release;
		};
/* End XCConfigurationList section */
	};
	rootObject = 0495CF431A430504001A287D /* Project object */;
}
